{
  "name": "type-test",
  "version": "1.0.0",
  "lockfileVersion": 1,
  "requires": true,
  "dependencies": {
    "@brain-backup/types": {
      "version": "0.0.1",
      "resolved": "https://registry.npmjs.org/@brain-backup/types/-/types-0.0.1.tgz",
      "integrity": "sha512-KBXdsxv+fQWPx6YXb8ssjTGeT0ayLEjYnP7Esjh/mWfdyfHGPYVe/vAnhbWBNIHAcnUabkANdFcq4Taf5TctVg=="
    }
  }
}
